{
  "version": 1,
  "dependencies": {
    "net10.0-windows10.0.26100": {
      "DalamudPackager": {
        "type": "Direct",
        "requested": "[15.0.0, )",
        "resolved": "15.0.0",
        "contentHash": "411vwC8/X8Z/sQ2TI6v3SvOn66xFPeOjFn3Zn+h0d3Ox2t1kFm66AhDvmx/qcMwVrR+Hidxj0dadpQ2dgyXMBQ=="
      },
      "Microsoft.CodeAnalysis.CSharp": {
        "type": "Direct",
        "requested": "[5.9.0, )",
        "resolved": "5.9.0",
        "contentHash": "7JGDA0UT1+h7k9ZcA3rF4eFC8+QPq1xyYaXxag4p8r/zzPurEJxvdi7aM+MRL/SfP7XADXpWF/pl/eUYXOq/ww==",
        "dependencies": {
          "Microsoft.CodeAnalysis.Analyzers": "5.9.0-1.26328.17",
          "Microsoft.CodeAnalysis.Common": "[5.9.0]"
        }
      },
      "TerraFX.Interop.Windows": {
        "type": "Direct",
        "requested": "[10.0.26100.6, )",
        "resolved": "10.0.26100.6",
        "contentHash": "QjL9vliSWmscUv6A7bjvsryHjYnY0norqvCNcLXSdEy1VIIzMF6FiS7BuvLTBuGUeN9FY4zJbU65OsHEv7jG9A=="
      },
      "Microsoft.CodeAnalysis.Analyzers": {
        "type": "Transitive",
        "resolved": "5.9.0-1.26328.17",
        "contentHash": "HP9NNk8ZjOSI2hgOyXnQg+kv7/X837Vr2nAlXiGAtqtYnYKjRRa1UmQFr8KFs5ynGYKqfbb8zB9APoWjiAGdMg=="
      },
      "Microsoft.CodeAnalysis.Common": {
        "type": "Transitive",
        "resolved": "5.9.0",
        "contentHash": "IYaIaUWdIx539AReKZOBEqTskFusZfCh/wFSPilDvCn5Say8MegLw2LONcSIcVy+v3Gzv53qYBspgvBGSErfbQ==",
        "dependencies": {
          "Microsoft.CodeAnalysis.Analyzers": "5.9.0-1.26328.17"
        }
      }
    }
  }
}